// !$*UTF8*$!
{
	archiveVersion = 1;
	classes = {
	};
	objectVersion = 46;
	objects = {

/* Begin PBXBuildFile section */
		0B89B7E31F6D059000522F16 /* OnlyID_SDK.framework in Frameworks */ = {isa = PBXBuildFile; fileRef = 0B89B7D91F6D059000522F16 /* OnlyID_SDK.framework */; };
		0B89B7E81F6D059000522F16 /* OnlyID_SDKTests.swift in Sources */ = {isa = PBXBuildFile; fileRef = 0B89B7E71F6D059000522F16 /* OnlyID_SDKTests.swift */; };
		0B89B7F41F6D05AC00522F16 /* AuthViewController.swift in Sources */ = {isa = PBXBuildFile; fileRef = 0B89B7F31F6D05AC00522F16 /* AuthViewController.swift */; };
		0B8B36CF1F70E02F00A7EDC7 /* OnlyID_SDK.swift in Sources */ = {isa = PBXBuildFile; fileRef = 0B8B36CE1F70E02F00A7EDC7 /* OnlyID_SDK.swift */; };
		DB296F39208A0C3900C8EDD5 /* AppDelegate.swift in Sources */ = {isa = PBXBuildFile; fileRef = DB296F38208A0C3900C8EDD5 /* AppDelegate.swift */; };
		DB296F3B208A0C3900C8EDD5 /* ViewController.swift in Sources */ = {isa = PBXBuildFile; fileRef = DB296F3A208A0C3900C8EDD5 /* ViewController.swift */; };
		DB296F3E208A0C3900C8EDD5 /* Main.storyboard in Resources */ = {isa = PBXBuildFile; fileRef = DB296F3C208A0C3900C8EDD5 /* Main.storyboard */; };
		DB296F40208A0C3B00C8EDD5 /* Assets.xcassets in Resources */ = {isa = PBXBuildFile; fileRef = DB296F3F208A0C3B00C8EDD5 /* Assets.xcassets */; };
		DB296F43208A0C3B00C8EDD5 /* LaunchScreen.storyboard in Resources */ = {isa = PBXBuildFile; fileRef = DB296F41208A0C3B00C8EDD5 /* LaunchScreen.storyboard */; };
		DB296F4E208A107E00C8EDD5 /* OnlyID_SDK.framework in Frameworks */ = {isa = PBXBuildFile; fileRef = 0B89B7D91F6D059000522F16 /* OnlyID_SDK.framework */; };
		DB296F4F208A107E00C8EDD5 /* OnlyID_SDK.framework in CopyFiles */ = {isa = PBXBuildFile; fileRef = 0B89B7D91F6D059000522F16 /* OnlyID_SDK.framework */; settings = {ATTRIBUTES = (CodeSignOnCopy, RemoveHeadersOnCopy, ); }; };
/* End PBXBuildFile section */

/* Begin PBXContainerItemProxy section */
		0B89B7E41F6D059000522F16 /* PBXContainerItemProxy */ = {
			isa = PBXContainerItemProxy;
			containerPortal = 0B89B7D01F6D059000522F16 /* Project object */;
			proxyType = 1;
			remoteGlobalIDString = 0B89B7D81F6D059000522F16;
			remoteInfo = OnlyID_SDK;
		};
		DB296F50208A107E00C8EDD5 /* PBXContainerItemProxy */ = {
			isa = PBXContainerItemProxy;
			containerPortal = 0B89B7D01F6D059000522F16 /* Project object */;
			proxyType = 1;
			remoteGlobalIDString = 0B89B7D81F6D059000522F16;
			remoteInfo = OnlyID_SDK;
		};
/* End PBXContainerItemProxy section */

/* Begin PBXCopyFilesBuildPhase section */
		DB296F4A208A0FAF00C8EDD5 /* CopyFiles */ = {
			isa = PBXCopyFilesBuildPhase;
			buildActionMask = 2147483647;
			dstPath = "";
			dstSubfolderSpec = 10;
			files = (
				DB296F4F208A107E00C8EDD5 /* OnlyID_SDK.framework in CopyFiles */,
			);
			runOnlyForDeploymentPostprocessing = 0;
		};
/* End PBXCopyFilesBuildPhase section */

/* Begin PBXFileReference section */
		0B89B7D91F6D059000522F16 /* OnlyID_SDK.framework */ = {isa = PBXFileReference; explicitFileType = wrapper.framework; includeInIndex = 0; path = OnlyID_SDK.framework; sourceTree = BUILT_PRODUCTS_DIR; };
		0B89B7DD1F6D059000522F16 /* Info.plist */ = {isa = PBXFileReference; lastKnownFileType = text.plist.xml; path = Info.plist; sourceTree = "<group>"; };
		0B89B7E21F6D059000522F16 /* OnlyID_SDKTests.xctest */ = {isa = PBXFileReference; explicitFileType = wrapper.cfbundle; includeInIndex = 0; path = OnlyID_SDKTests.xctest; sourceTree = BUILT_PRODUCTS_DIR; };
		0B89B7E71F6D059000522F16 /* OnlyID_SDKTests.swift */ = {isa = PBXFileReference; lastKnownFileType = sourcecode.swift; path = OnlyID_SDKTests.swift; sourceTree = "<group>"; };
		0B89B7E91F6D059000522F16 /* Info.plist */ = {isa = PBXFileReference; lastKnownFileType = text.plist.xml; path = Info.plist; sourceTree = "<group>"; };
		0B89B7F31F6D05AC00522F16 /* AuthViewController.swift */ = {isa = PBXFileReference; fileEncoding = 4; lastKnownFileType = sourcecode.swift; path = AuthViewController.swift; sourceTree = "<group>"; };
		0B8B36CE1F70E02F00A7EDC7 /* OnlyID_SDK.swift */ = {isa = PBXFileReference; fileEncoding = 4; lastKnownFileType = sourcecode.swift; path = OnlyID_SDK.swift; sourceTree = "<group>"; };
		DB296F36208A0C3900C8EDD5 /* OnlyID_Demo.app */ = {isa = PBXFileReference; explicitFileType = wrapper.application; includeInIndex = 0; path = OnlyID_Demo.app; sourceTree = BUILT_PRODUCTS_DIR; };
		DB296F38208A0C3900C8EDD5 /* AppDelegate.swift */ = {isa = PBXFileReference; lastKnownFileType = sourcecode.swift; path = AppDelegate.swift; sourceTree = "<group>"; };
		DB296F3A208A0C3900C8EDD5 /* ViewController.swift */ = {isa = PBXFileReference; lastKnownFileType = sourcecode.swift; path = ViewController.swift; sourceTree = "<group>"; };
		DB296F3D208A0C3900C8EDD5 /* Base */ = {isa = PBXFileReference; lastKnownFileType = file.storyboard; name = Base; path = Base.lproj/Main.storyboard; sourceTree = "<group>"; };
		DB296F3F208A0C3B00C8EDD5 /* Assets.xcassets */ = {isa = PBXFileReference; lastKnownFileType = folder.assetcatalog; path = Assets.xcassets; sourceTree = "<group>"; };
		DB296F42208A0C3B00C8EDD5 /* Base */ = {isa = PBXFileReference; lastKnownFileType = file.storyboard; name = Base; path = Base.lproj/LaunchScreen.storyboard; sourceTree = "<group>"; };
		DB296F44208A0C3B00C8EDD5 /* Info.plist */ = {isa = PBXFileReference; lastKnownFileType = text.plist.xml; path = Info.plist; sourceTree = "<group>"; };
/* End PBXFileReference section */

/* Begin PBXFrameworksBuildPhase section */
		0B89B7D51F6D059000522F16 /* Frameworks */ = {
			isa = PBXFrameworksBuildPhase;
			buildActionMask = 2147483647;
			files = (
			);
			runOnlyForDeploymentPostprocessing = 0;
		};
		0B89B7DF1F6D059000522F16 /* Frameworks */ = {
			isa = PBXFrameworksBuildPhase;
			buildActionMask = 2147483647;
			files = (
				0B89B7E31F6D059000522F16 /* OnlyID_SDK.framework in Frameworks */,
			);
			runOnlyForDeploymentPostprocessing = 0;
		};
		DB296F33208A0C3900C8EDD5 /* Frameworks */ = {
			isa = PBXFrameworksBuildPhase;
			buildActionMask = 2147483647;
			files = (
				DB296F4E208A107E00C8EDD5 /* OnlyID_SDK.framework in Frameworks */,
			);
			runOnlyForDeploymentPostprocessing = 0;
		};
/* End PBXFrameworksBuildPhase section */

/* Begin PBXGroup section */
		0B89B7CF1F6D059000522F16 = {
			isa = PBXGroup;
			children = (
				0B89B7DB1F6D059000522F16 /* OnlyID_SDK */,
				0B89B7E61F6D059000522F16 /* OnlyID_SDKTests */,
				DB296F37208A0C3900C8EDD5 /* OnlyID_Demo */,
				0B89B7DA1F6D059000522F16 /* Products */,
				DB296F48208A0F7600C8EDD5 /* Frameworks */,
			);
			sourceTree = "<group>";
		};
		0B89B7DA1F6D059000522F16 /* Products */ = {
			isa = PBXGroup;
			children = (
				0B89B7D91F6D059000522F16 /* OnlyID_SDK.framework */,
				0B89B7E21F6D059000522F16 /* OnlyID_SDKTests.xctest */,
				DB296F36208A0C3900C8EDD5 /* OnlyID_Demo.app */,
			);
			name = Products;
			sourceTree = "<group>";
		};
		0B89B7DB1F6D059000522F16 /* OnlyID_SDK */ = {
			isa = PBXGroup;
			children = (
				0B89B7F31F6D05AC00522F16 /* AuthViewController.swift */,
				0B89B7DD1F6D059000522F16 /* Info.plist */,
				0B8B36CE1F70E02F00A7EDC7 /* OnlyID_SDK.swift */,
			);
			path = OnlyID_SDK;
			sourceTree = "<group>";
		};
		0B89B7E61F6D059000522F16 /* OnlyID_SDKTests */ = {
			isa = PBXGroup;
			children = (
				0B89B7E71F6D059000522F16 /* OnlyID_SDKTests.swift */,
				0B89B7E91F6D059000522F16 /* Info.plist */,
			);
			path = OnlyID_SDKTests;
			sourceTree = "<group>";
		};
		DB296F37208A0C3900C8EDD5 /* OnlyID_Demo */ = {
			isa = PBXGroup;
			children = (
				DB296F38208A0C3900C8EDD5 /* AppDelegate.swift */,
				DB296F3A208A0C3900C8EDD5 /* ViewController.swift */,
				DB296F3C208A0C3900C8EDD5 /* Main.storyboard */,
				DB296F3F208A0C3B00C8EDD5 /* Assets.xcassets */,
				DB296F41208A0C3B00C8EDD5 /* LaunchScreen.storyboard */,
				DB296F44208A0C3B00C8EDD5 /* Info.plist */,
			);
			path = OnlyID_Demo;
			sourceTree = "<group>";
		};
		DB296F48208A0F7600C8EDD5 /* Frameworks */ = {
			isa = PBXGroup;
			children = (
			);
			name = Frameworks;
			sourceTree = "<group>";
		};
/* End PBXGroup section */

/* Begin PBXHeadersBuildPhase section */
		0B89B7D61F6D059000522F16 /* Headers */ = {
			isa = PBXHeadersBuildPhase;
			buildActionMask = 2147483647;
			files = (
			);
			runOnlyForDeploymentPostprocessing = 0;
		};
/* End PBXHeadersBuildPhase section */

/* Begin PBXNativeTarget section */
		0B89B7D81F6D059000522F16 /* OnlyID_SDK */ = {
			isa = PBXNativeTarget;
			buildConfigurationList = 0B89B7ED1F6D059000522F16 /* Build configuration list for PBXNativeTarget "OnlyID_SDK" */;
			buildPhases = (
				0B89B7D41F6D059000522F16 /* Sources */,
				0B89B7D51F6D059000522F16 /* Frameworks */,
				0B89B7D61F6D059000522F16 /* Headers */,
				0B89B7D71F6D059000522F16 /* Resources */,
			);
			buildRules = (
			);
			dependencies = (
			);
			name = OnlyID_SDK;
			productName = OnlyID_SDK;
			productReference = 0B89B7D91F6D059000522F16 /* OnlyID_SDK.framework */;
			productType = "com.apple.product-type.framework";
		};
		0B89B7E11F6D059000522F16 /* OnlyID_SDKTests */ = {
			isa = PBXNativeTarget;
			buildConfigurationList = 0B89B7F01F6D059000522F16 /* Build configuration list for PBXNativeTarget "OnlyID_SDKTests" */;
			buildPhases = (
				0B89B7DE1F6D059000522F16 /* Sources */,
				0B89B7DF1F6D059000522F16 /* Frameworks */,
				0B89B7E01F6D059000522F16 /* Resources */,
			);
			buildRules = (
			);
			dependencies = (
				0B89B7E51F6D059000522F16 /* PBXTargetDependency */,
			);
			name = OnlyID_SDKTests;
			productName = OnlyID_SDKTests;
			productReference = 0B89B7E21F6D059000522F16 /* OnlyID_SDKTests.xctest */;
			productType = "com.apple.product-type.bundle.unit-test";
		};
		DB296F35208A0C3900C8EDD5 /* OnlyID_Demo */ = {
			isa = PBXNativeTarget;
			buildConfigurationList = DB296F47208A0C3B00C8EDD5 /* Build configuration list for PBXNativeTarget "OnlyID_Demo" */;
			buildPhases = (
				DB296F32208A0C3900C8EDD5 /* Sources */,
				DB296F33208A0C3900C8EDD5 /* Frameworks */,
				DB296F34208A0C3900C8EDD5 /* Resources */,
				DB296F4A208A0FAF00C8EDD5 /* CopyFiles */,
			);
			buildRules = (
			);
			dependencies = (
				DB296F51208A107E00C8EDD5 /* PBXTargetDependency */,
			);
			name = OnlyID_Demo;
			productName = OnlyID_Demo;
			productReference = DB296F36208A0C3900C8EDD5 /* OnlyID_Demo.app */;
			productType = "com.apple.product-type.application";
		};
/* End PBXNativeTarget section */

/* Begin PBXProject section */
		0B89B7D01F6D059000522F16 /* Project object */ = {
			isa = PBXProject;
			attributes = {
				LastSwiftUpdateCheck = 0930;
				LastUpgradeCheck = 0830;
				ORGANIZATIONNAME = onlyID;
				TargetAttributes = {
					0B89B7D81F6D059000522F16 = {
						CreatedOnToolsVersion = 8.3.3;
						DevelopmentTeam = 7S4WBEMJGG;
						LastSwiftMigration = 0830;
						ProvisioningStyle = Automatic;
					};
					0B89B7E11F6D059000522F16 = {
						CreatedOnToolsVersion = 8.3.3;
						DevelopmentTeam = 7S4WBEMJGG;
						ProvisioningStyle = Automatic;
					};
					DB296F35208A0C3900C8EDD5 = {
						CreatedOnToolsVersion = 9.3;
						ProvisioningStyle = Automatic;
					};
				};
			};
			buildConfigurationList = 0B89B7D31F6D059000522F16 /* Build configuration list for PBXProject "OnlyID_SDK" */;
			compatibilityVersion = "Xcode 3.2";
			developmentRegion = English;
			hasScannedForEncodings = 0;
			knownRegions = (
				en,
				Base,
			);
			mainGroup = 0B89B7CF1F6D059000522F16;
			productRefGroup = 0B89B7DA1F6D059000522F16 /* Products */;
			projectDirPath = "";
			projectRoot = "";
			targets = (
				0B89B7D81F6D059000522F16 /* OnlyID_SDK */,
				0B89B7E11F6D059000522F16 /* OnlyID_SDKTests */,
				DB296F35208A0C3900C8EDD5 /* OnlyID_Demo */,
			);
		};
/* End PBXProject section */

/* Begin PBXResourcesBuildPhase section */
		0B89B7D71F6D059000522F16 /* Resources */ = {
			isa = PBXResourcesBuildPhase;
			buildActionMask = 2147483647;
			files = (
			);
			runOnlyForDeploymentPostprocessing = 0;
		};
		0B89B7E01F6D059000522F16 /* Resources */ = {
			isa = PBXResourcesBuildPhase;
			buildActionMask = 2147483647;
			files = (
			);
			runOnlyForDeploymentPostprocessing = 0;
		};
		DB296F34208A0C3900C8EDD5 /* Resources */ = {
			isa = PBXResourcesBuildPhase;
			buildActionMask = 2147483647;
			files = (
				DB296F43208A0C3B00C8EDD5 /* LaunchScreen.storyboard in Resources */,
				DB296F40208A0C3B00C8EDD5 /* Assets.xcassets in Resources */,
				DB296F3E208A0C3900C8EDD5 /* Main.storyboard in Resources */,
			);
			runOnlyForDeploymentPostprocessing = 0;
		};
/* End PBXResourcesBuildPhase section */

/* Begin PBXSourcesBuildPhase section */
		0B89B7D41F6D059000522F16 /* Sources */ = {
			isa = PBXSourcesBuildPhase;
			buildActionMask = 2147483647;
			files = (
				0B8B36CF1F70E02F00A7EDC7 /* OnlyID_SDK.swift in Sources */,
				0B89B7F41F6D05AC00522F16 /* AuthViewController.swift in Sources */,
			);
			runOnlyForDeploymentPostprocessing = 0;
		};
		0B89B7DE1F6D059000522F16 /* Sources */ = {
			isa = PBXSourcesBuildPhase;
			buildActionMask = 2147483647;
			files = (
				0B89B7E81F6D059000522F16 /* OnlyID_SDKTests.swift in Sources */,
			);
			runOnlyForDeploymentPostprocessing = 0;
		};
		DB296F32208A0C3900C8EDD5 /* Sources */ = {
			isa = PBXSourcesBuildPhase;
			buildActionMask = 2147483647;
			files = (
				DB296F3B208A0C3900C8EDD5 /* ViewController.swift in Sources */,
				DB296F39208A0C3900C8EDD5 /* AppDelegate.swift in Sources */,
			);
			runOnlyForDeploymentPostprocessing = 0;
		};
/* End PBXSourcesBuildPhase section */

/* Begin PBXTargetDependency section */
		0B89B7E51F6D059000522F16 /* PBXTargetDependency */ = {
			isa = PBXTargetDependency;
			target = 0B89B7D81F6D059000522F16 /* OnlyID_SDK */;
			targetProxy = 0B89B7E41F6D059000522F16 /* PBXContainerItemProxy */;
		};
		DB296F51208A107E00C8EDD5 /* PBXTargetDependency */ = {
			isa = PBXTargetDependency;
			target = 0B89B7D81F6D059000522F16 /* OnlyID_SDK */;
			targetProxy = DB296F50208A107E00C8EDD5 /* PBXContainerItemProxy */;
		};
/* End PBXTargetDependency section */

/* Begin PBXVariantGroup section */
		DB296F3C208A0C3900C8EDD5 /* Main.storyboard */ = {
			isa = PBXVariantGroup;
			children = (
				DB296F3D208A0C3900C8EDD5 /* Base */,
			);
			name = Main.storyboard;
			sourceTree = "<group>";
		};
		DB296F41208A0C3B00C8EDD5 /* LaunchScreen.storyboard */ = {
			isa = PBXVariantGroup;
			children = (
				DB296F42208A0C3B00C8EDD5 /* Base */,
			);
			name = LaunchScreen.storyboard;
			sourceTree = "<group>";
		};
/* End PBXVariantGroup section */

/* Begin XCBuildConfiguration section */
		0B89B7EB1F6D059000522F16 /* Debug */ = {
			isa = XCBuildConfiguration;
			buildSettings = {
				ALWAYS_SEARCH_USER_PATHS = NO;
				CLANG_ANALYZER_NONNULL = YES;
				CLANG_ANALYZER_NUMBER_OBJECT_CONVERSION = YES_AGGRESSIVE;
				CLANG_CXX_LANGUAGE_STANDARD = "gnu++0x";
				CLANG_CXX_LIBRARY = "libc++";
				CLANG_ENABLE_MODULES = YES;
				CLANG_ENABLE_OBJC_ARC = YES;
				CLANG_WARN_BOOL_CONVERSION = YES;
				CLANG_WARN_CONSTANT_CONVERSION = YES;
				CLANG_WARN_DIRECT_OBJC_ISA_USAGE = YES_ERROR;
				CLANG_WARN_DOCUMENTATION_COMMENTS = YES;
				CLANG_WARN_EMPTY_BODY = YES;
				CLANG_WARN_ENUM_CONVERSION = YES;
				CLANG_WARN_INFINITE_RECURSION = YES;
				CLANG_WARN_INT_CONVERSION = YES;
				CLANG_WARN_OBJC_ROOT_CLASS = YES_ERROR;
				CLANG_WARN_SUSPICIOUS_MOVE = YES;
				CLANG_WARN_UNREACHABLE_CODE = YES;
				CLANG_WARN__DUPLICATE_METHOD_MATCH = YES;
				"CODE_SIGN_IDENTITY[sdk=iphoneos*]" = "iPhone Developer";
				COPY_PHASE_STRIP = NO;
				CURRENT_PROJECT_VERSION = 1;
				DEBUG_INFORMATION_FORMAT = dwarf;
				ENABLE_STRICT_OBJC_MSGSEND = YES;
				ENABLE_TESTABILITY = YES;
				GCC_C_LANGUAGE_STANDARD = gnu99;
				GCC_DYNAMIC_NO_PIC = NO;
				GCC_NO_COMMON_BLOCKS = YES;
				GCC_OPTIMIZATION_LEVEL = 0;
				GCC_PREPROCESSOR_DEFINITIONS = (
					"DEBUG=1",
					"$(inherited)",
				);
				GCC_WARN_64_TO_32_BIT_CONVERSION = YES;
				GCC_WARN_ABOUT_RETURN_TYPE = YES_ERROR;
				GCC_WARN_UNDECLARED_SELECTOR = YES;
				GCC_WARN_UNINITIALIZED_AUTOS = YES_AGGRESSIVE;
				GCC_WARN_UNUSED_FUNCTION = YES;
				GCC_WARN_UNUSED_VARIABLE = YES;
				IPHONEOS_DEPLOYMENT_TARGET = 10.3;
				MTL_ENABLE_DEBUG_INFO = YES;
				ONLY_ACTIVE_ARCH = YES;
				SDKROOT = iphoneos;
				SWIFT_ACTIVE_COMPILATION_CONDITIONS = DEBUG;
				SWIFT_OPTIMIZATION_LEVEL = "-Onone";
				TARGETED_DEVICE_FAMILY = "1,2";
				VERSIONING_SYSTEM = "apple-generic";
				VERSION_INFO_PREFIX = "";
			};
			name = Debug;
		};
		0B89B7EC1F6D059000522F16 /* Release */ = {
			isa = XCBuildConfiguration;
			buildSettings = {
				ALWAYS_SEARCH_USER_PATHS = NO;
				CLANG_ANALYZER_NONNULL = YES;
				CLANG_ANALYZER_NUMBER_OBJECT_CONVERSION = YES_AGGRESSIVE;
				CLANG_CXX_LANGUAGE_STANDARD = "gnu++0x";
				CLANG_CXX_LIBRARY = "libc++";
				CLANG_ENABLE_MODULES = YES;
				CLANG_ENABLE_OBJC_ARC = YES;
				CLANG_WARN_BOOL_CONVERSION = YES;
				CLANG_WARN_CONSTANT_CONVERSION = YES;
				CLANG_WARN_DIRECT_OBJC_ISA_USAGE = YES_ERROR;
				CLANG_WARN_DOCUMENTATION_COMMENTS = YES;
				CLANG_WARN_EMPTY_BODY = YES;
				CLANG_WARN_ENUM_CONVERSION = YES;
				CLANG_WARN_INFINITE_RECURSION = YES;
				CLANG_WARN_INT_CONVERSION = YES;
				CLANG_WARN_OBJC_ROOT_CLASS = YES_ERROR;
				CLANG_WARN_SUSPICIOUS_MOVE = YES;
				CLANG_WARN_UNREACHABLE_CODE = YES;
				CLANG_WARN__DUPLICATE_METHOD_MATCH = YES;
				"CODE_SIGN_IDENTITY[sdk=iphoneos*]" = "iPhone Developer";
				COPY_PHASE_STRIP = NO;
				CURRENT_PROJECT_VERSION = 1;
				DEBUG_INFORMATION_FORMAT = "dwarf-with-dsym";
				ENABLE_NS_ASSERTIONS = NO;
				ENABLE_STRICT_OBJC_MSGSEND = YES;
				GCC_C_LANGUAGE_STANDARD = gnu99;
				GCC_NO_COMMON_BLOCKS = YES;
				GCC_WARN_64_TO_32_BIT_CONVERSION = YES;
				GCC_WARN_ABOUT_RETURN_TYPE = YES_ERROR;
				GCC_WARN_UNDECLARED_SELECTOR = YES;
				GCC_WARN_UNINITIALIZED_AUTOS = YES_AGGRESSIVE;
				GCC_WARN_UNUSED_FUNCTION = YES;
				GCC_WARN_UNUSED_VARIABLE = YES;
				IPHONEOS_DEPLOYMENT_TARGET = 10.3;
				MTL_ENABLE_DEBUG_INFO = NO;
				SDKROOT = iphoneos;
				SWIFT_OPTIMIZATION_LEVEL = "-Owholemodule";
				TARGETED_DEVICE_FAMILY = "1,2";
				VALIDATE_PRODUCT = YES;
				VERSIONING_SYSTEM = "apple-generic";
				VERSION_INFO_PREFIX = "";
			};
			name = Release;
		};
		0B89B7EE1F6D059000522F16 /* Debug */ = {
			isa = XCBuildConfiguration;
			buildSettings = {
				CLANG_ENABLE_MODULES = YES;
				CODE_SIGN_IDENTITY = "iPhone Developer";
				DEFINES_MODULE = YES;
				DYLIB_COMPATIBILITY_VERSION = 1;
				DYLIB_CURRENT_VERSION = 1;
				DYLIB_INSTALL_NAME_BASE = "@rpath";
				INFOPLIST_FILE = OnlyID_SDK/Info.plist;
				INSTALL_PATH = "$(LOCAL_LIBRARY_DIR)/Frameworks";
				IPHONEOS_DEPLOYMENT_TARGET = 8.0;
				LD_RUNPATH_SEARCH_PATHS = "$(inherited) @executable_path/Frameworks @loader_path/Frameworks";
				PRODUCT_BUNDLE_IDENTIFIER = "net.onlyid.OnlyID-SDK";
				PRODUCT_NAME = "$(TARGET_NAME)";
				SKIP_INSTALL = YES;
				SWIFT_OPTIMIZATION_LEVEL = "-Onone";
				SWIFT_VERSION = 3.0;
			};
			name = Debug;
		};
		0B89B7EF1F6D059000522F16 /* Release */ = {
			isa = XCBuildConfiguration;
			buildSettings = {
				CLANG_ENABLE_MODULES = YES;
				CODE_SIGN_IDENTITY = "iPhone Developer";
				DEFINES_MODULE = YES;
				DYLIB_COMPATIBILITY_VERSION = 1;
				DYLIB_CURRENT_VERSION = 1;
				DYLIB_INSTALL_NAME_BASE = "@rpath";
				INFOPLIST_FILE = OnlyID_SDK/Info.plist;
				INSTALL_PATH = "$(LOCAL_LIBRARY_DIR)/Frameworks";
				IPHONEOS_DEPLOYMENT_TARGET = 8.0;
				LD_RUNPATH_SEARCH_PATHS = "$(inherited) @executable_path/Frameworks @loader_path/Frameworks";
				PRODUCT_BUNDLE_IDENTIFIER = "net.onlyid.OnlyID-SDK";
				PRODUCT_NAME = "$(TARGET_NAME)";
				SKIP_INSTALL = YES;
				SWIFT_VERSION = 3.0;
			};
			name = Release;
		};
		0B89B7F11F6D059000522F16 /* Debug */ = {
			isa = XCBuildConfiguration;
			buildSettings = {
				ALWAYS_EMBED_SWIFT_STANDARD_LIBRARIES = YES;
				DEVELOPMENT_TEAM = 7S4WBEMJGG;
				INFOPLIST_FILE = OnlyID_SDKTests/Info.plist;
				LD_RUNPATH_SEARCH_PATHS = "$(inherited) @executable_path/Frameworks @loader_path/Frameworks";
				PRODUCT_BUNDLE_IDENTIFIER = "net.onlyid.OnlyID-SDKTests";
				PRODUCT_NAME = "$(TARGET_NAME)";
				SWIFT_VERSION = 3.0;
			};
			name = Debug;
		};
		0B89B7F21F6D059000522F16 /* Release */ = {
			isa = XCBuildConfiguration;
			buildSettings = {
				ALWAYS_EMBED_SWIFT_STANDARD_LIBRARIES = YES;
				DEVELOPMENT_TEAM = 7S4WBEMJGG;
				INFOPLIST_FILE = OnlyID_SDKTests/Info.plist;
				LD_RUNPATH_SEARCH_PATHS = "$(inherited) @executable_path/Frameworks @loader_path/Frameworks";
				PRODUCT_BUNDLE_IDENTIFIER = "net.onlyid.OnlyID-SDKTests";
				PRODUCT_NAME = "$(TARGET_NAME)";
				SWIFT_VERSION = 3.0;
			};
			name = Release;
		};
		DB296F45208A0C3B00C8EDD5 /* Debug */ = {
			isa = XCBuildConfiguration;
			buildSettings = {
				ALWAYS_EMBED_SWIFT_STANDARD_LIBRARIES = YES;
				ASSETCATALOG_COMPILER_APPICON_NAME = AppIcon;
				CLANG_CXX_LANGUAGE_STANDARD = "gnu++14";
				CLANG_ENABLE_OBJC_WEAK = YES;
				CLANG_WARN_BLOCK_CAPTURE_AUTORELEASING = YES;
				CLANG_WARN_COMMA = YES;
				CLANG_WARN_DEPRECATED_OBJC_IMPLEMENTATIONS = YES;
				CLANG_WARN_NON_LITERAL_NULL_CONVERSION = YES;
				CLANG_WARN_OBJC_IMPLICIT_RETAIN_SELF = YES;
				CLANG_WARN_OBJC_LITERAL_CONVERSION = YES;
				CLANG_WARN_RANGE_LOOP_ANALYSIS = YES;
				CLANG_WARN_STRICT_PROTOTYPES = YES;
				CLANG_WARN_UNGUARDED_AVAILABILITY = YES_AGGRESSIVE;
				CODE_SIGN_IDENTITY = "iPhone Developer";
				CODE_SIGN_STYLE = Automatic;
				GCC_C_LANGUAGE_STANDARD = gnu11;
				INFOPLIST_FILE = OnlyID_Demo/Info.plist;
				IPHONEOS_DEPLOYMENT_TARGET = 11.3;
				LD_RUNPATH_SEARCH_PATHS = "$(inherited) @executable_path/Frameworks";
				PRODUCT_BUNDLE_IDENTIFIER = "net.onlyid.ios-demo.OnlyID-Demo";
				PRODUCT_NAME = "$(TARGET_NAME)";
				SWIFT_VERSION = 4.0;
				TARGETED_DEVICE_FAMILY = "1,2";
			};
			name = Debug;
		};
		DB296F46208A0C3B00C8EDD5 /* Release */ = {
			isa = XCBuildConfiguration;
			buildSettings = {
				ALWAYS_EMBED_SWIFT_STANDARD_LIBRARIES = YES;
				ASSETCATALOG_COMPILER_APPICON_NAME = AppIcon;
				CLANG_CXX_LANGUAGE_STANDARD = "gnu++14";
				CLANG_ENABLE_OBJC_WEAK = YES;
				CLANG_WARN_BLOCK_CAPTURE_AUTORELEASING = YES;
				CLANG_WARN_COMMA = YES;
				CLANG_WARN_DEPRECATED_OBJC_IMPLEMENTATIONS = YES;
				CLANG_WARN_NON_LITERAL_NULL_CONVERSION = YES;
				CLANG_WARN_OBJC_IMPLICIT_RETAIN_SELF = YES;
				CLANG_WARN_OBJC_LITERAL_CONVERSION = YES;
				CLANG_WARN_RANGE_LOOP_ANALYSIS = YES;
				CLANG_WARN_STRICT_PROTOTYPES = YES;
				CLANG_WARN_UNGUARDED_AVAILABILITY = YES_AGGRESSIVE;
				CODE_SIGN_IDENTITY = "iPhone Developer";
				CODE_SIGN_STYLE = Automatic;
				GCC_C_LANGUAGE_STANDARD = gnu11;
				INFOPLIST_FILE = OnlyID_Demo/Info.plist;
				IPHONEOS_DEPLOYMENT_TARGET = 11.3;
				LD_RUNPATH_SEARCH_PATHS = "$(inherited) @executable_path/Frameworks";
				PRODUCT_BUNDLE_IDENTIFIER = "net.onlyid.ios-demo.OnlyID-Demo";
				PRODUCT_NAME = "$(TARGET_NAME)";
				SWIFT_VERSION = 4.0;
				TARGETED_DEVICE_FAMILY = "1,2";
			};
			name = Release;
		};
/* End XCBuildConfiguration section */

/* Begin XCConfigurationList section */
		0B89B7D31F6D059000522F16 /* Build configuration list for PBXProject "OnlyID_SDK" */ = {
			isa = XCConfigurationList;
			buildConfigurations = (
				0B89B7EB1F6D059000522F16 /* Debug */,
				0B89B7EC1F6D059000522F16 /* Release */,
			);
			defaultConfigurationIsVisible = 0;
			defaultConfigurationName = Release;
		};
		0B89B7ED1F6D059000522F16 /* Build configuration list for PBXNativeTarget "OnlyID_SDK" */ = {
			isa = XCConfigurationList;
			buildConfigurations = (
				0B89B7EE1F6D059000522F16 /* Debug */,
				0B89B7EF1F6D059000522F16 /* Release */,
			);
			defaultConfigurationIsVisible = 0;
			defaultConfigurationName = Release;
		};
		0B89B7F01F6D059000522F16 /* Build configuration list for PBXNativeTarget "OnlyID_SDKTests" */ = {
			isa = XCConfigurationList;
			buildConfigurations = (
				0B89B7F11F6D059000522F16 /* Debug */,
				0B89B7F21F6D059000522F16 /* Release */,
			);
			defaultConfigurationIsVisible = 0;
			defaultConfigurationName = Release;
		};
		DB296F47208A0C3B00C8EDD5 /* Build configuration list for PBXNativeTarget "OnlyID_Demo" */ = {
			isa = XCConfigurationList;
			buildConfigurations = (
				DB296F45208A0C3B00C8EDD5 /* Debug */,
				DB296F46208A0C3B00C8EDD5 /* Release */,
			);
			defaultConfigurationIsVisible = 0;
			defaultConfigurationName = Release;
		};
/* End XCConfigurationList section */
	};
	rootObject = 0B89B7D01F6D059000522F16 /* Project object */;
}
